
Microsoft Visual Studio Solution File, Format Version 12.00
# Visual Studio Version 17
VisualStudioVersion = 17.10.34928.147
MinimumVisualStudioVersion = 10.0.40219.1
Project("{9A19103F-16F7-4668-BE54-9A1E7A4F7556}") = "ClubeDoLivro.Testes", "ClubeDoLivro.Testes\ClubeDoLivro.Testes.csproj", "{8AE9AA79-D1B3-4FD9-AB43-9A57E546FAF1}"
EndProject
Project("{9A19103F-16F7-4668-BE54-9A1E7A4F7556}") = "ClubeDoLivro", "ClubeDoLivro\ClubeDoLivro.csproj", "{AA7A8199-1781-4EF6-B1D7-E50C774D3B7A}"
EndProject
Project("{9A19103F-16F7-4668-BE54-9A1E7A4F7556}") = "ClubeDoLivro.Blazor", "..\ClubeDoLivro.Blazor\ClubeDoLivro.Blazor.csproj", "{EB472E88-1DB6-4F13-9921-5747B00E2F5E}"
EndProject
Project("{FAE04EC0-301F-11D3-BF4B-00C04F79EFBC}") = "ClubeDoLivro.Function", "ClubeDoLivro.Function\ClubeDoLivro.Function.csproj", "{6D7F0E14-26FC-4DCB-B5E6-BAD08EFA1987}"
EndProject
Global
	GlobalSection(SolutionConfigurationPlatforms) = preSolution
		Debug|Any CPU = Debug|Any CPU
		Release|Any CPU = Release|Any CPU
	EndGlobalSection
	GlobalSection(ProjectConfigurationPlatforms) = postSolution
		{8AE9AA79-D1B3-4FD9-AB43-9A57E546FAF1}.Debug|Any CPU.ActiveCfg = Debug|Any CPU
		{8AE9AA79-D1B3-4FD9-AB43-9A57E546FAF1}.Debug|Any CPU.Build.0 = Debug|Any CPU
		{8AE9AA79-D1B3-4FD9-AB43-9A57E546FAF1}.Release|Any CPU.ActiveCfg = Release|Any CPU
		{8AE9AA79-D1B3-4FD9-AB43-9A57E546FAF1}.Release|Any CPU.Build.0 = Release|Any CPU
		{AA7A8199-1781-4EF6-B1D7-E50C774D3B7A}.Debug|Any CPU.ActiveCfg = Debug|Any CPU
		{AA7A8199-1781-4EF6-B1D7-E50C774D3B7A}.Debug|Any CPU.Build.0 = Debug|Any CPU
		{AA7A8199-1781-4EF6-B1D7-E50C774D3B7A}.Release|Any CPU.ActiveCfg = Release|Any CPU
		{AA7A8199-1781-4EF6-B1D7-E50C774D3B7A}.Release|Any CPU.Build.0 = Release|Any CPU
		{EB472E88-1DB6-4F13-9921-5747B00E2F5E}.Debug|Any CPU.ActiveCfg = Debug|Any CPU
		{EB472E88-1DB6-4F13-9921-5747B00E2F5E}.Debug|Any CPU.Build.0 = Debug|Any CPU
		{EB472E88-1DB6-4F13-9921-5747B00E2F5E}.Release|Any CPU.ActiveCfg = Release|Any CPU
		{EB472E88-1DB6-4F13-9921-5747B00E2F5E}.Release|Any CPU.Build.0 = Release|Any CPU
		{6D7F0E14-26FC-4DCB-B5E6-BAD08EFA1987}.Debug|Any CPU.ActiveCfg = Debug|Any CPU
		{6D7F0E14-26FC-4DCB-B5E6-BAD08EFA1987}.Debug|Any CPU.Build.0 = Debug|Any CPU
		{6D7F0E14-26FC-4DCB-B5E6-BAD08EFA1987}.Release|Any CPU.ActiveCfg = Release|Any CPU
		{6D7F0E14-26FC-4DCB-B5E6-BAD08EFA1987}.Release|Any CPU.Build.0 = Release|Any CPU
	EndGlobalSection
	GlobalSection(SolutionProperties) = preSolution
		HideSolutionNode = FALSE
	EndGlobalSection
	GlobalSection(ExtensibilityGlobals) = postSolution
		SolutionGuid = {C9939626-8335-43DB-8900-8CC338A1B602}
	EndGlobalSection
EndGlobal
